// !$*UTF8*$!
{
	archiveVersion = 1;
	classes = {
	};
	objectVersion = 50;
	objects = {

/* Begin PBXBuildFile section */
		02B66A4E21F77AFC000BCF2B /* peerio_chat_framework.h in Headers */ = {isa = PBXBuildFile; fileRef = 02B66A4C21F77AFC000BCF2B /* peerio_chat_framework.h */; settings = {ATTRIBUTES = (Public, ); }; };
		02B66B3D21F79BAC000BCF2B /* libsqlite3.0.tbd in Frameworks */ = {isa = PBXBuildFile; fileRef = 02B66B3C21F79BAC000BCF2B /* libsqlite3.0.tbd */; };
		02B66B4D21F7A6C0000BCF2B /* libReact.a in Frameworks */ = {isa = PBXBuildFile; fileRef = 02B66B1521F78C3C000BCF2B /* libReact.a */; };
		02B66C2121FA63EF000BCF2B /* libfishhook.a in Frameworks */ = {isa = PBXBuildFile; fileRef = 02B66C1A21FA63CC000BCF2B /* libfishhook.a */; };
		02B66C2221FA6406000BCF2B /* libRCTWebSocket.a in Frameworks */ = {isa = PBXBuildFile; fileRef = 02B66C1621FA63CC000BCF2B /* libRCTWebSocket.a */; };
		02B66C2321FA6689000BCF2B /* libSQLite.a in Frameworks */ = {isa = PBXBuildFile; fileRef = 02B66B6D21F7BA83000BCF2B /* libSQLite.a */; };
		02B66C4A21FB7271000BCF2B /* libRNMail.a in Frameworks */ = {isa = PBXBuildFile; fileRef = 02B66B7C21F8C0A5000BCF2B /* libRNMail.a */; };
		02B66C5621FB7480000BCF2B /* libRCTImage.a in Frameworks */ = {isa = PBXBuildFile; fileRef = 02B66C5321FB7475000BCF2B /* libRCTImage.a */; };
		02E27EBA21FB86AD00AC71F4 /* libRCTRestart.a in Frameworks */ = {isa = PBXBuildFile; fileRef = 02E27EA521FB86A400AC71F4 /* libRCTRestart.a */; };
		02E27F0121FB879D00AC71F4 /* libRNSound.a in Frameworks */ = {isa = PBXBuildFile; fileRef = 02E27EFE21FB879100AC71F4 /* libRNSound.a */; };
		02E2803621FB8C9A00AC71F4 /* libRCTVibration.a in Frameworks */ = {isa = PBXBuildFile; fileRef = 02E2802021FB8C6100AC71F4 /* libRCTVibration.a */; };
		02E2804021FB8D1B00AC71F4 /* libRCTText.a in Frameworks */ = {isa = PBXBuildFile; fileRef = 02E2803D21FB8D1500AC71F4 /* libRCTText.a */; };
		02E2805821FB954300AC71F4 /* libRNRandomBytes.a in Frameworks */ = {isa = PBXBuildFile; fileRef = 02E2805521FB953800AC71F4 /* libRNRandomBytes.a */; };
		02E2806321FB985100AC71F4 /* libRNShare.a in Frameworks */ = {isa = PBXBuildFile; fileRef = 02E2806021FB984100AC71F4 /* libRNShare.a */; };
		02E2806A21FB9A5600AC71F4 /* libRCTActionSheet.a in Frameworks */ = {isa = PBXBuildFile; fileRef = 02E2806921FB9A5000AC71F4 /* libRCTActionSheet.a */; };
		02E2807821FB9BB000AC71F4 /* libRCTNetwork.a in Frameworks */ = {isa = PBXBuildFile; fileRef = 02E2807321FB9BA400AC71F4 /* libRCTNetwork.a */; };
		02E2807F21FB9D2500AC71F4 /* libRNFileOpener.a in Frameworks */ = {isa = PBXBuildFile; fileRef = 02E2807E21FB9D1A00AC71F4 /* libRNFileOpener.a */; };
		02E2808B21FB9DEC00AC71F4 /* libRCTLinking.a in Frameworks */ = {isa = PBXBuildFile; fileRef = 02E2808821FB9DE500AC71F4 /* libRCTLinking.a */; };
		02E2809421FBA0D700AC71F4 /* libRNVectorIcons.a in Frameworks */ = {isa = PBXBuildFile; fileRef = 02E2809321FBA01900AC71F4 /* libRNVectorIcons.a */; };
		02E280B121FBA1E500AC71F4 /* libLottieReactNative.a in Frameworks */ = {isa = PBXBuildFile; fileRef = 02E280AE21FBA1CD00AC71F4 /* libLottieReactNative.a */; };
		02E280B221FBA2A300AC71F4 /* libLottie.a in Frameworks */ = {isa = PBXBuildFile; fileRef = 02E280A621FBA1AD00AC71F4 /* libLottie.a */; };
/* End PBXBuildFile section */

/* Begin PBXContainerItemProxy section */
		02B66B1421F78C3C000BCF2B /* PBXContainerItemProxy */ = {
			isa = PBXContainerItemProxy;
			containerPortal = 02B66B0121F78C3C000BCF2B /* React.xcodeproj */;
			proxyType = 2;
			remoteGlobalIDString = 83CBBA2E1A601D0E00E9B192;
			remoteInfo = React;
		};
		02B66B1621F78C3C000BCF2B /* PBXContainerItemProxy */ = {
			isa = PBXContainerItemProxy;
			containerPortal = 02B66B0121F78C3C000BCF2B /* React.xcodeproj */;
			proxyType = 2;
			remoteGlobalIDString = 2D2A28131D9B038B00D4039D;
			remoteInfo = "React-tvOS";
		};
		02B66B1821F78C3C000BCF2B /* PBXContainerItemProxy */ = {
			isa = PBXContainerItemProxy;
			containerPortal = 02B66B0121F78C3C000BCF2B /* React.xcodeproj */;
			proxyType = 2;
			remoteGlobalIDString = 3D3C059A1DE3340900C268FA;
			remoteInfo = yoga;
		};
		02B66B1A21F78C3C000BCF2B /* PBXContainerItemProxy */ = {
			isa = PBXContainerItemProxy;
			containerPortal = 02B66B0121F78C3C000BCF2B /* React.xcodeproj */;
			proxyType = 2;
			remoteGlobalIDString = 3D3C06751DE3340C00C268FA;
			remoteInfo = "yoga-tvOS";
		};
		02B66B1C21F78C3C000BCF2B /* PBXContainerItemProxy */ = {
			isa = PBXContainerItemProxy;
			containerPortal = 02B66B0121F78C3C000BCF2B /* React.xcodeproj */;
			proxyType = 2;
			remoteGlobalIDString = 3D3CD9251DE5FBEC00167DC4;
			remoteInfo = cxxreact;
		};
		02B66B1E21F78C3C000BCF2B /* PBXContainerItemProxy */ = {
			isa = PBXContainerItemProxy;
			containerPortal = 02B66B0121F78C3C000BCF2B /* React.xcodeproj */;
			proxyType = 2;
			remoteGlobalIDString = 3D3CD9321DE5FBEE00167DC4;
			remoteInfo = "cxxreact-tvOS";
		};
		02B66B2021F78C3C000BCF2B /* PBXContainerItemProxy */ = {
			isa = PBXContainerItemProxy;
			containerPortal = 02B66B0121F78C3C000BCF2B /* React.xcodeproj */;
			proxyType = 2;
			remoteGlobalIDString = 3D3CD90B1DE5FBD600167DC4;
			remoteInfo = jschelpers;
		};
		02B66B2221F78C3C000BCF2B /* PBXContainerItemProxy */ = {
			isa = PBXContainerItemProxy;
			containerPortal = 02B66B0121F78C3C000BCF2B /* React.xcodeproj */;
			proxyType = 2;
			remoteGlobalIDString = 3D3CD9181DE5FBD800167DC4;
			remoteInfo = "jschelpers-tvOS";
		};
		02B66B2421F78C3C000BCF2B /* PBXContainerItemProxy */ = {
			isa = PBXContainerItemProxy;
			containerPortal = 02B66B0121F78C3C000BCF2B /* React.xcodeproj */;
			proxyType = 2;
			remoteGlobalIDString = EBF21BDC1FC498900052F4D5;
			remoteInfo = jsinspector;
		};
		02B66B2621F78C3C000BCF2B /* PBXContainerItemProxy */ = {
			isa = PBXContainerItemProxy;
			containerPortal = 02B66B0121F78C3C000BCF2B /* React.xcodeproj */;
			proxyType = 2;
			remoteGlobalIDString = EBF21BFA1FC4989A0052F4D5;
			remoteInfo = "jsinspector-tvOS";
		};
		02B66B2821F78C3C000BCF2B /* PBXContainerItemProxy */ = {
			isa = PBXContainerItemProxy;
			containerPortal = 02B66B0121F78C3C000BCF2B /* React.xcodeproj */;
			proxyType = 2;
			remoteGlobalIDString = 139D7ECE1E25DB7D00323FB7;
			remoteInfo = "third-party";
		};
		02B66B2A21F78C3C000BCF2B /* PBXContainerItemProxy */ = {
			isa = PBXContainerItemProxy;
			containerPortal = 02B66B0121F78C3C000BCF2B /* React.xcodeproj */;
			proxyType = 2;
			remoteGlobalIDString = 3D383D3C1EBD27B6005632C8;
			remoteInfo = "third-party-tvOS";
		};
		02B66B2C21F78C3C000BCF2B /* PBXContainerItemProxy */ = {
			isa = PBXContainerItemProxy;
			containerPortal = 02B66B0121F78C3C000BCF2B /* React.xcodeproj */;
			proxyType = 2;
			remoteGlobalIDString = 139D7E881E25C6D100323FB7;
			remoteInfo = "double-conversion";
		};
		02B66B2E21F78C3C000BCF2B /* PBXContainerItemProxy */ = {
			isa = PBXContainerItemProxy;
			containerPortal = 02B66B0121F78C3C000BCF2B /* React.xcodeproj */;
			proxyType = 2;
			remoteGlobalIDString = 3D383D621EBD27B9005632C8;
			remoteInfo = "double-conversion-tvOS";
		};
		02B66B3021F78C3C000BCF2B /* PBXContainerItemProxy */ = {
			isa = PBXContainerItemProxy;
			containerPortal = 02B66B0121F78C3C000BCF2B /* React.xcodeproj */;
			proxyType = 2;
			remoteGlobalIDString = 9936F3131F5F2E4B0010BF04;
			remoteInfo = privatedata;
		};
		02B66B3221F78C3C000BCF2B /* PBXContainerItemProxy */ = {
			isa = PBXContainerItemProxy;
			containerPortal = 02B66B0121F78C3C000BCF2B /* React.xcodeproj */;
			proxyType = 2;
			remoteGlobalIDString = 9936F32F1F5F2E5B0010BF04;
			remoteInfo = "privatedata-tvOS";
		};
		02B66B6C21F7BA83000BCF2B /* PBXContainerItemProxy */ = {
			isa = PBXContainerItemProxy;
			containerPortal = 02B66B6821F7BA83000BCF2B /* SQLite.xcodeproj */;
			proxyType = 2;
			remoteGlobalIDString = E23D7B471ACEFE2A00C59171;
			remoteInfo = SQLite;
		};
		02B66B7B21F8C0A5000BCF2B /* PBXContainerItemProxy */ = {
			isa = PBXContainerItemProxy;
			containerPortal = 02B66B7721F8C0A5000BCF2B /* RNMail.xcodeproj */;
			proxyType = 2;
			remoteGlobalIDString = 46FEDE7F1AFF192F00D3261C;
			remoteInfo = RNMail;
		};
		02B66C1521FA63CC000BCF2B /* PBXContainerItemProxy */ = {
			isa = PBXContainerItemProxy;
			containerPortal = 02B66C0E21FA63CC000BCF2B /* RCTWebSocket.xcodeproj */;
			proxyType = 2;
			remoteGlobalIDString = 3C86DF461ADF2C930047B81A;
			remoteInfo = RCTWebSocket;
		};
		02B66C1721FA63CC000BCF2B /* PBXContainerItemProxy */ = {
			isa = PBXContainerItemProxy;
			containerPortal = 02B66C0E21FA63CC000BCF2B /* RCTWebSocket.xcodeproj */;
			proxyType = 2;
			remoteGlobalIDString = 2D2A28881D9B049200D4039D;
			remoteInfo = "RCTWebSocket-tvOS";
		};
		02B66C1921FA63CC000BCF2B /* PBXContainerItemProxy */ = {
			isa = PBXContainerItemProxy;
			containerPortal = 02B66C0E21FA63CC000BCF2B /* RCTWebSocket.xcodeproj */;
			proxyType = 2;
			remoteGlobalIDString = 3DBE0D001F3B181A0099AA32;
			remoteInfo = fishhook;
		};
		02B66C1B21FA63CC000BCF2B /* PBXContainerItemProxy */ = {
			isa = PBXContainerItemProxy;
			containerPortal = 02B66C0E21FA63CC000BCF2B /* RCTWebSocket.xcodeproj */;
			proxyType = 2;
			remoteGlobalIDString = 3DBE0D0D1F3B181C0099AA32;
			remoteInfo = "fishhook-tvOS";
		};
		02B66C4B21FB72BC000BCF2B /* PBXContainerItemProxy */ = {
			isa = PBXContainerItemProxy;
			containerPortal = 02B66B7721F8C0A5000BCF2B /* RNMail.xcodeproj */;
			proxyType = 1;
			remoteGlobalIDString = 46FEDE7E1AFF192F00D3261C;
			remoteInfo = RNMail;
		};
		02B66C5221FB7475000BCF2B /* PBXContainerItemProxy */ = {
			isa = PBXContainerItemProxy;
			containerPortal = 02B66C4D21FB7475000BCF2B /* RCTImage.xcodeproj */;
			proxyType = 2;
			remoteGlobalIDString = 58B5115D1A9E6B3D00147676;
			remoteInfo = RCTImage;
		};
		02B66C5421FB7475000BCF2B /* PBXContainerItemProxy */ = {
			isa = PBXContainerItemProxy;
			containerPortal = 02B66C4D21FB7475000BCF2B /* RCTImage.xcodeproj */;
			proxyType = 2;
			remoteGlobalIDString = 2D2A283A1D9B042B00D4039D;
			remoteInfo = "RCTImage-tvOS";
		};
		02E27EA421FB86A400AC71F4 /* PBXContainerItemProxy */ = {
			isa = PBXContainerItemProxy;
			containerPortal = 02E27E9E21FB86A400AC71F4 /* RCTRestart.xcodeproj */;
			proxyType = 2;
			remoteGlobalIDString = 3245CDED1BFEE35C00EABF68;
			remoteInfo = RCTRestart;
		};
		02E27EBB21FB86B400AC71F4 /* PBXContainerItemProxy */ = {
			isa = PBXContainerItemProxy;
			containerPortal = 02E27E9E21FB86A400AC71F4 /* RCTRestart.xcodeproj */;
			proxyType = 1;
			remoteGlobalIDString = 3245CDEC1BFEE35C00EABF68;
			remoteInfo = RCTRestart;
		};
		02E27EFD21FB879100AC71F4 /* PBXContainerItemProxy */ = {
			isa = PBXContainerItemProxy;
			containerPortal = 02E27EF921FB879100AC71F4 /* RNSound.xcodeproj */;
			proxyType = 2;
			remoteGlobalIDString = 19825A1E1BD4A89800EE0337;
			remoteInfo = RNSound;
		};
		02E27EFF21FB879700AC71F4 /* PBXContainerItemProxy */ = {
			isa = PBXContainerItemProxy;
			containerPortal = 02E27EF921FB879100AC71F4 /* RNSound.xcodeproj */;
			proxyType = 1;
			remoteGlobalIDString = 19825A1D1BD4A89800EE0337;
			remoteInfo = RNSound;
		};
		02E2801F21FB8C6100AC71F4 /* PBXContainerItemProxy */ = {
			isa = PBXContainerItemProxy;
			containerPortal = 02E2801921FB8C6100AC71F4 /* RCTVibration.xcodeproj */;
			proxyType = 2;
			remoteGlobalIDString = 832C81801AAF6DEF007FA2F7;
			remoteInfo = RCTVibration;
		};
		02E2803C21FB8D1500AC71F4 /* PBXContainerItemProxy */ = {
			isa = PBXContainerItemProxy;
			containerPortal = 02E2803721FB8D1500AC71F4 /* RCTText.xcodeproj */;
			proxyType = 2;
			remoteGlobalIDString = 58B5119B1A9E6C1200147676;
			remoteInfo = RCTText;
		};
		02E2803E21FB8D1500AC71F4 /* PBXContainerItemProxy */ = {
			isa = PBXContainerItemProxy;
			containerPortal = 02E2803721FB8D1500AC71F4 /* RCTText.xcodeproj */;
			proxyType = 2;
			remoteGlobalIDString = 2D2A287B1D9B048500D4039D;
			remoteInfo = "RCTText-tvOS";
		};
		02E2804321FB8E2A00AC71F4 /* PBXContainerItemProxy */ = {
			isa = PBXContainerItemProxy;
			containerPortal = 02B66C0E21FA63CC000BCF2B /* RCTWebSocket.xcodeproj */;
			proxyType = 1;
			remoteGlobalIDString = 3DBE0CF41F3B181A0099AA32;
			remoteInfo = fishhook;
		};
		02E2804521FB8E4300AC71F4 /* PBXContainerItemProxy */ = {
			isa = PBXContainerItemProxy;
			containerPortal = 02E2803721FB8D1500AC71F4 /* RCTText.xcodeproj */;
			proxyType = 1;
			remoteGlobalIDString = 58B5119A1A9E6C1200147676;
			remoteInfo = RCTText;
		};
		02E2804721FB8E6600AC71F4 /* PBXContainerItemProxy */ = {
			isa = PBXContainerItemProxy;
			containerPortal = 02E2801921FB8C6100AC71F4 /* RCTVibration.xcodeproj */;
			proxyType = 1;
			remoteGlobalIDString = 832C817F1AAF6DEF007FA2F7;
			remoteInfo = RCTVibration;
		};
		02E2804921FB8E7B00AC71F4 /* PBXContainerItemProxy */ = {
			isa = PBXContainerItemProxy;
			containerPortal = 02B66B6821F7BA83000BCF2B /* SQLite.xcodeproj */;
			proxyType = 1;
			remoteGlobalIDString = E23D7B461ACEFE2A00C59171;
			remoteInfo = SQLite;
		};
		02E2804B21FB8E9100AC71F4 /* PBXContainerItemProxy */ = {
			isa = PBXContainerItemProxy;
			containerPortal = 02B66C0E21FA63CC000BCF2B /* RCTWebSocket.xcodeproj */;
			proxyType = 1;
			remoteGlobalIDString = 3C86DF451ADF2C930047B81A;
			remoteInfo = RCTWebSocket;
		};
		02E2804D21FB8EA400AC71F4 /* PBXContainerItemProxy */ = {
			isa = PBXContainerItemProxy;
			containerPortal = 02B66C4D21FB7475000BCF2B /* RCTImage.xcodeproj */;
			proxyType = 1;
			remoteGlobalIDString = 58B5115C1A9E6B3D00147676;
			remoteInfo = RCTImage;
		};
		02E2805421FB953800AC71F4 /* PBXContainerItemProxy */ = {
			isa = PBXContainerItemProxy;
			containerPortal = 02E2804F21FB953800AC71F4 /* RNRandomBytes.xcodeproj */;
			proxyType = 2;
			remoteGlobalIDString = 73EEC9391BFE4B1D00D468EB;
			remoteInfo = RNRandomBytes;
		};
		02E2805621FB953800AC71F4 /* PBXContainerItemProxy */ = {
			isa = PBXContainerItemProxy;
			containerPortal = 02E2804F21FB953800AC71F4 /* RNRandomBytes.xcodeproj */;
			proxyType = 2;
			remoteGlobalIDString = 163CDE4E2087CAD3001065FB;
			remoteInfo = "RNRandomBytes-tvOS";
		};
		02E2805921FB954B00AC71F4 /* PBXContainerItemProxy */ = {
			isa = PBXContainerItemProxy;
			containerPortal = 02E2804F21FB953800AC71F4 /* RNRandomBytes.xcodeproj */;
			proxyType = 1;
			remoteGlobalIDString = 73EEC9381BFE4B1D00D468EB;
			remoteInfo = RNRandomBytes;
		};
		02E2805F21FB984100AC71F4 /* PBXContainerItemProxy */ = {
			isa = PBXContainerItemProxy;
			containerPortal = 02E2805B21FB984100AC71F4 /* RNShare.xcodeproj */;
			proxyType = 2;
			remoteGlobalIDString = 134814201AA4EA6300B7C361;
			remoteInfo = RNShare;
		};
		02E2806121FB984C00AC71F4 /* PBXContainerItemProxy */ = {
			isa = PBXContainerItemProxy;
			containerPortal = 02E2805B21FB984100AC71F4 /* RNShare.xcodeproj */;
			proxyType = 1;
			remoteGlobalIDString = 58B511DA1A9E6C8500147676;
			remoteInfo = RNShare;
		};
		02E2806821FB9A5000AC71F4 /* PBXContainerItemProxy */ = {
			isa = PBXContainerItemProxy;
			containerPortal = 02E2806421FB9A5000AC71F4 /* RCTActionSheet.xcodeproj */;
			proxyType = 2;
			remoteGlobalIDString = 134814201AA4EA6300B7C361;
			remoteInfo = RCTActionSheet;
		};
		02E2806B21FB9A5B00AC71F4 /* PBXContainerItemProxy */ = {
			isa = PBXContainerItemProxy;
			containerPortal = 02E2806421FB9A5000AC71F4 /* RCTActionSheet.xcodeproj */;
			proxyType = 1;
			remoteGlobalIDString = 58B511DA1A9E6C8500147676;
			remoteInfo = RCTActionSheet;
		};
		02E2807221FB9BA400AC71F4 /* PBXContainerItemProxy */ = {
			isa = PBXContainerItemProxy;
			containerPortal = 02E2806D21FB9BA400AC71F4 /* RCTNetwork.xcodeproj */;
			proxyType = 2;
			remoteGlobalIDString = 58B511DB1A9E6C8500147676;
			remoteInfo = RCTNetwork;
		};
		02E2807421FB9BA400AC71F4 /* PBXContainerItemProxy */ = {
			isa = PBXContainerItemProxy;
			containerPortal = 02E2806D21FB9BA400AC71F4 /* RCTNetwork.xcodeproj */;
			proxyType = 2;
			remoteGlobalIDString = 2D2A28541D9B044C00D4039D;
			remoteInfo = "RCTNetwork-tvOS";
		};
		02E2807621FB9BAA00AC71F4 /* PBXContainerItemProxy */ = {
			isa = PBXContainerItemProxy;
			containerPortal = 02E2806D21FB9BA400AC71F4 /* RCTNetwork.xcodeproj */;
			proxyType = 1;
			remoteGlobalIDString = 58B511DA1A9E6C8500147676;
			remoteInfo = RCTNetwork;
		};
		02E2807D21FB9D1A00AC71F4 /* PBXContainerItemProxy */ = {
			isa = PBXContainerItemProxy;
			containerPortal = 02E2807921FB9D1A00AC71F4 /* RNFileOpener.xcodeproj */;
			proxyType = 2;
			remoteGlobalIDString = DB8F70EF1CD3047700E71D6D;
			remoteInfo = RNFileOpener;
		};
		02E2808021FB9D2E00AC71F4 /* PBXContainerItemProxy */ = {
			isa = PBXContainerItemProxy;
			containerPortal = 02E2807921FB9D1A00AC71F4 /* RNFileOpener.xcodeproj */;
			proxyType = 1;
			remoteGlobalIDString = DB8F70EE1CD3047700E71D6D;
			remoteInfo = RNFileOpener;
		};
		02E2808721FB9DE500AC71F4 /* PBXContainerItemProxy */ = {
			isa = PBXContainerItemProxy;
			containerPortal = 02E2808221FB9DE500AC71F4 /* RCTLinking.xcodeproj */;
			proxyType = 2;
			remoteGlobalIDString = 134814201AA4EA6300B7C361;
			remoteInfo = RCTLinking;
		};
		02E2808921FB9DE500AC71F4 /* PBXContainerItemProxy */ = {
			isa = PBXContainerItemProxy;
			containerPortal = 02E2808221FB9DE500AC71F4 /* RCTLinking.xcodeproj */;
			proxyType = 2;
			remoteGlobalIDString = 2D2A28471D9B043800D4039D;
			remoteInfo = "RCTLinking-tvOS";
		};
		02E2808C21FB9DF200AC71F4 /* PBXContainerItemProxy */ = {
			isa = PBXContainerItemProxy;
			containerPortal = 02E2808221FB9DE500AC71F4 /* RCTLinking.xcodeproj */;
			proxyType = 1;
			remoteGlobalIDString = 58B511DA1A9E6C8500147676;
			remoteInfo = RCTLinking;
		};
		02E2809221FBA01900AC71F4 /* PBXContainerItemProxy */ = {
			isa = PBXContainerItemProxy;
			containerPortal = 02E2808E21FBA01900AC71F4 /* RNVectorIcons.xcodeproj */;
			proxyType = 2;
			remoteGlobalIDString = 5DBEB1501B18CEA900B34395;
			remoteInfo = RNVectorIcons;
		};
		02E2809521FBA0DA00AC71F4 /* PBXContainerItemProxy */ = {
			isa = PBXContainerItemProxy;
			containerPortal = 02E2808E21FBA01900AC71F4 /* RNVectorIcons.xcodeproj */;
			proxyType = 1;
			remoteGlobalIDString = 5DBEB14F1B18CEA900B34395;
			remoteInfo = RNVectorIcons;
		};
		02E2809F21FBA1AD00AC71F4 /* PBXContainerItemProxy */ = {
			isa = PBXContainerItemProxy;
			containerPortal = 02E2809721FBA1AD00AC71F4 /* Lottie.xcodeproj */;
			proxyType = 2;
			remoteGlobalIDString = 62CA59B81E3C173B002D7188;
			remoteInfo = Lottie_iOS;
		};
		02E280A121FBA1AD00AC71F4 /* PBXContainerItemProxy */ = {
			isa = PBXContainerItemProxy;
			containerPortal = 02E2809721FBA1AD00AC71F4 /* Lottie.xcodeproj */;
			proxyType = 2;
			remoteGlobalIDString = FAE1F7E61E428CBE002E0974;
			remoteInfo = Lottie_macOS;
		};
		02E280A321FBA1AD00AC71F4 /* PBXContainerItemProxy */ = {
			isa = PBXContainerItemProxy;
			containerPortal = 02E2809721FBA1AD00AC71F4 /* Lottie.xcodeproj */;
			proxyType = 2;
			remoteGlobalIDString = 8C5379761FB471D100C1BC65;
			remoteInfo = Lottie_tvOS;
		};
		02E280A521FBA1AD00AC71F4 /* PBXContainerItemProxy */ = {
			isa = PBXContainerItemProxy;
			containerPortal = 02E2809721FBA1AD00AC71F4 /* Lottie.xcodeproj */;
			proxyType = 2;
			remoteGlobalIDString = 84FE12EF1E4C1485009B157C;
			remoteInfo = LottieLibraryIOS;
		};
		02E280A721FBA1AD00AC71F4 /* PBXContainerItemProxy */ = {
			isa = PBXContainerItemProxy;
			containerPortal = 02E2809721FBA1AD00AC71F4 /* Lottie.xcodeproj */;
			proxyType = 2;
			remoteGlobalIDString = 6445B0D5207E0D4D00D84F6A;
			remoteInfo = LottieLibraryMacOS;
		};
		02E280AD21FBA1CD00AC71F4 /* PBXContainerItemProxy */ = {
			isa = PBXContainerItemProxy;
			containerPortal = 02E280A921FBA1CD00AC71F4 /* LottieReactNative.xcodeproj */;
			proxyType = 2;
			remoteGlobalIDString = 11FA5C511C4A1296003AC2EE;
			remoteInfo = LottieReactNative;
		};
		02E280AF21FBA1DF00AC71F4 /* PBXContainerItemProxy */ = {
			isa = PBXContainerItemProxy;
			containerPortal = 02E280A921FBA1CD00AC71F4 /* LottieReactNative.xcodeproj */;
			proxyType = 1;
			remoteGlobalIDString = 11FA5C501C4A1296003AC2EE;
			remoteInfo = LottieReactNative;
		};
		02E280B321FBA2A700AC71F4 /* PBXContainerItemProxy */ = {
			isa = PBXContainerItemProxy;
			containerPortal = 02E2809721FBA1AD00AC71F4 /* Lottie.xcodeproj */;
			proxyType = 1;
			remoteGlobalIDString = 84FE12EE1E4C1485009B157C;
			remoteInfo = LottieLibraryIOS;
		};
/* End PBXContainerItemProxy section */

/* Begin PBXFileReference section */
		02B66A4921F77AFC000BCF2B /* peerio_chat_framework.framework */ = {isa = PBXFileReference; explicitFileType = wrapper.framework; includeInIndex = 0; path = peerio_chat_framework.framework; sourceTree = BUILT_PRODUCTS_DIR; };
		02B66A4C21F77AFC000BCF2B /* peerio_chat_framework.h */ = {isa = PBXFileReference; lastKnownFileType = sourcecode.c.h; path = peerio_chat_framework.h; sourceTree = "<group>"; };
		02B66A4D21F77AFC000BCF2B /* Info.plist */ = {isa = PBXFileReference; lastKnownFileType = text.plist.xml; path = Info.plist; sourceTree = "<group>"; };
		02B66B0121F78C3C000BCF2B /* React.xcodeproj */ = {isa = PBXFileReference; lastKnownFileType = "wrapper.pb-project"; name = React.xcodeproj; path = "../node_modules/react-native/React/React.xcodeproj"; sourceTree = "<group>"; };
		02B66B3C21F79BAC000BCF2B /* libsqlite3.0.tbd */ = {isa = PBXFileReference; lastKnownFileType = "sourcecode.text-based-dylib-definition"; name = libsqlite3.0.tbd; path = usr/lib/libsqlite3.0.tbd; sourceTree = SDKROOT; };
		02B66B6421F7AF1F000BCF2B /* libRCTWebSocket.a */ = {isa = PBXFileReference; explicitFileType = archive.ar; path = libRCTWebSocket.a; sourceTree = BUILT_PRODUCTS_DIR; };
		02B66B6621F7AF23000BCF2B /* libfishhook.a */ = {isa = PBXFileReference; explicitFileType = archive.ar; path = libfishhook.a; sourceTree = BUILT_PRODUCTS_DIR; };
		02B66B6821F7BA83000BCF2B /* SQLite.xcodeproj */ = {isa = PBXFileReference; lastKnownFileType = "wrapper.pb-project"; name = SQLite.xcodeproj; path = "../node_modules/react-native-sqlcipher-storage/src/ios/SQLite.xcodeproj"; sourceTree = "<group>"; };
		02B66B7721F8C0A5000BCF2B /* RNMail.xcodeproj */ = {isa = PBXFileReference; lastKnownFileType = "wrapper.pb-project"; name = RNMail.xcodeproj; path = "../node_modules/react-native-mail/RNMail.xcodeproj"; sourceTree = "<group>"; };
		02B66C0E21FA63CC000BCF2B /* RCTWebSocket.xcodeproj */ = {isa = PBXFileReference; lastKnownFileType = "wrapper.pb-project"; name = RCTWebSocket.xcodeproj; path = "../node_modules/react-native/Libraries/WebSocket/RCTWebSocket.xcodeproj"; sourceTree = "<group>"; };
		02B66C4D21FB7475000BCF2B /* RCTImage.xcodeproj */ = {isa = PBXFileReference; lastKnownFileType = "wrapper.pb-project"; name = RCTImage.xcodeproj; path = "../node_modules/react-native/Libraries/Image/RCTImage.xcodeproj"; sourceTree = "<group>"; };
		02E27E9E21FB86A400AC71F4 /* RCTRestart.xcodeproj */ = {isa = PBXFileReference; lastKnownFileType = "wrapper.pb-project"; name = RCTRestart.xcodeproj; path = "../node_modules/react-native-restart/ios/RCTRestart.xcodeproj"; sourceTree = "<group>"; };
		02E27EF921FB879100AC71F4 /* RNSound.xcodeproj */ = {isa = PBXFileReference; lastKnownFileType = "wrapper.pb-project"; name = RNSound.xcodeproj; path = "../node_modules/react-native-sound/RNSound.xcodeproj"; sourceTree = "<group>"; };
		02E2801921FB8C6100AC71F4 /* RCTVibration.xcodeproj */ = {isa = PBXFileReference; lastKnownFileType = "wrapper.pb-project"; name = RCTVibration.xcodeproj; path = "../node_modules/react-native/Libraries/Vibration/RCTVibration.xcodeproj"; sourceTree = "<group>"; };
		02E2803721FB8D1500AC71F4 /* RCTText.xcodeproj */ = {isa = PBXFileReference; lastKnownFileType = "wrapper.pb-project"; name = RCTText.xcodeproj; path = "../node_modules/react-native/Libraries/Text/RCTText.xcodeproj"; sourceTree = "<group>"; };
		02E2804F21FB953800AC71F4 /* RNRandomBytes.xcodeproj */ = {isa = PBXFileReference; lastKnownFileType = "wrapper.pb-project"; name = RNRandomBytes.xcodeproj; path = "../node_modules/react-native-randombytes/RNRandomBytes.xcodeproj"; sourceTree = "<group>"; };
		02E2805B21FB984100AC71F4 /* RNShare.xcodeproj */ = {isa = PBXFileReference; lastKnownFileType = "wrapper.pb-project"; name = RNShare.xcodeproj; path = "../node_modules/react-native-share/ios/RNShare.xcodeproj"; sourceTree = "<group>"; };
		02E2806421FB9A5000AC71F4 /* RCTActionSheet.xcodeproj */ = {isa = PBXFileReference; lastKnownFileType = "wrapper.pb-project"; name = RCTActionSheet.xcodeproj; path = "../node_modules/react-native/Libraries/ActionSheetIOS/RCTActionSheet.xcodeproj"; sourceTree = "<group>"; };
		02E2806D21FB9BA400AC71F4 /* RCTNetwork.xcodeproj */ = {isa = PBXFileReference; lastKnownFileType = "wrapper.pb-project"; name = RCTNetwork.xcodeproj; path = "../node_modules/react-native/Libraries/Network/RCTNetwork.xcodeproj"; sourceTree = "<group>"; };
		02E2807921FB9D1A00AC71F4 /* RNFileOpener.xcodeproj */ = {isa = PBXFileReference; lastKnownFileType = "wrapper.pb-project"; name = RNFileOpener.xcodeproj; path = "../node_modules/react-native-file-opener/ios/RNFileOpener.xcodeproj"; sourceTree = "<group>"; };
		02E2808221FB9DE500AC71F4 /* RCTLinking.xcodeproj */ = {isa = PBXFileReference; lastKnownFileType = "wrapper.pb-project"; name = RCTLinking.xcodeproj; path = "../node_modules/react-native/Libraries/LinkingIOS/RCTLinking.xcodeproj"; sourceTree = "<group>"; };
		02E2808E21FBA01900AC71F4 /* RNVectorIcons.xcodeproj */ = {isa = PBXFileReference; lastKnownFileType = "wrapper.pb-project"; name = RNVectorIcons.xcodeproj; path = "../node_modules/react-native-vector-icons/RNVectorIcons.xcodeproj"; sourceTree = "<group>"; };
		02E2809721FBA1AD00AC71F4 /* Lottie.xcodeproj */ = {isa = PBXFileReference; lastKnownFileType = "wrapper.pb-project"; name = Lottie.xcodeproj; path = "../node_modules/lottie-ios/Lottie.xcodeproj"; sourceTree = "<group>"; };
		02E280A921FBA1CD00AC71F4 /* LottieReactNative.xcodeproj */ = {isa = PBXFileReference; lastKnownFileType = "wrapper.pb-project"; name = LottieReactNative.xcodeproj; path = "../node_modules/lottie-react-native/src/ios/LottieReactNative.xcodeproj"; sourceTree = "<group>"; };
/* End PBXFileReference section */

/* Begin PBXFrameworksBuildPhase section */
		02B66A4621F77AFC000BCF2B /* Frameworks */ = {
			isa = PBXFrameworksBuildPhase;
			buildActionMask = 2147483647;
			files = (
				02E280B221FBA2A300AC71F4 /* libLottie.a in Frameworks */,
				02E280B121FBA1E500AC71F4 /* libLottieReactNative.a in Frameworks */,
				02E2809421FBA0D700AC71F4 /* libRNVectorIcons.a in Frameworks */,
				02E2807F21FB9D2500AC71F4 /* libRNFileOpener.a in Frameworks */,
				02E2806A21FB9A5600AC71F4 /* libRCTActionSheet.a in Frameworks */,
				02B66C2121FA63EF000BCF2B /* libfishhook.a in Frameworks */,
				02B66C2221FA6406000BCF2B /* libRCTWebSocket.a in Frameworks */,
				02B66B3D21F79BAC000BCF2B /* libsqlite3.0.tbd in Frameworks */,
				02B66C2321FA6689000BCF2B /* libSQLite.a in Frameworks */,
				02B66B4D21F7A6C0000BCF2B /* libReact.a in Frameworks */,
				02B66C4A21FB7271000BCF2B /* libRNMail.a in Frameworks */,
				02B66C5621FB7480000BCF2B /* libRCTImage.a in Frameworks */,
				02E27EBA21FB86AD00AC71F4 /* libRCTRestart.a in Frameworks */,
				02E27F0121FB879D00AC71F4 /* libRNSound.a in Frameworks */,
				02E2803621FB8C9A00AC71F4 /* libRCTVibration.a in Frameworks */,
				02E2804021FB8D1B00AC71F4 /* libRCTText.a in Frameworks */,
				02E2805821FB954300AC71F4 /* libRNRandomBytes.a in Frameworks */,
				02E2806321FB985100AC71F4 /* libRNShare.a in Frameworks */,
				02E2807821FB9BB000AC71F4 /* libRCTNetwork.a in Frameworks */,
				02E2808B21FB9DEC00AC71F4 /* libRCTLinking.a in Frameworks */,
			);
			runOnlyForDeploymentPostprocessing = 0;
		};
/* End PBXFrameworksBuildPhase section */

/* Begin PBXGroup section */
		02B66A3F21F77AFC000BCF2B = {
			isa = PBXGroup;
			children = (
				02E280A921FBA1CD00AC71F4 /* LottieReactNative.xcodeproj */,
				02E2809721FBA1AD00AC71F4 /* Lottie.xcodeproj */,
				02E2808E21FBA01900AC71F4 /* RNVectorIcons.xcodeproj */,
				02E2808221FB9DE500AC71F4 /* RCTLinking.xcodeproj */,
				02E2807921FB9D1A00AC71F4 /* RNFileOpener.xcodeproj */,
				02E2806D21FB9BA400AC71F4 /* RCTNetwork.xcodeproj */,
				02E2806421FB9A5000AC71F4 /* RCTActionSheet.xcodeproj */,
				02E2805B21FB984100AC71F4 /* RNShare.xcodeproj */,
				02E2804F21FB953800AC71F4 /* RNRandomBytes.xcodeproj */,
				02E2803721FB8D1500AC71F4 /* RCTText.xcodeproj */,
				02E2801921FB8C6100AC71F4 /* RCTVibration.xcodeproj */,
				02E27EF921FB879100AC71F4 /* RNSound.xcodeproj */,
				02E27E9E21FB86A400AC71F4 /* RCTRestart.xcodeproj */,
				02B66C4D21FB7475000BCF2B /* RCTImage.xcodeproj */,
				02B66C0E21FA63CC000BCF2B /* RCTWebSocket.xcodeproj */,
				02B66B7721F8C0A5000BCF2B /* RNMail.xcodeproj */,
				02B66B6821F7BA83000BCF2B /* SQLite.xcodeproj */,
				02B66B0121F78C3C000BCF2B /* React.xcodeproj */,
				02B66A4B21F77AFC000BCF2B /* peerio-chat-framework */,
				02B66A4A21F77AFC000BCF2B /* Products */,
				02B66AFF21F782A7000BCF2B /* Frameworks */,
			);
			sourceTree = "<group>";
		};
		02B66A4A21F77AFC000BCF2B /* Products */ = {
			isa = PBXGroup;
			children = (
				02B66A4921F77AFC000BCF2B /* peerio_chat_framework.framework */,
			);
			name = Products;
			sourceTree = "<group>";
		};
		02B66A4B21F77AFC000BCF2B /* peerio-chat-framework */ = {
			isa = PBXGroup;
			children = (
				02B66A4C21F77AFC000BCF2B /* peerio_chat_framework.h */,
				02B66A4D21F77AFC000BCF2B /* Info.plist */,
			);
			path = "peerio-chat-framework";
			sourceTree = "<group>";
		};
		02B66AFF21F782A7000BCF2B /* Frameworks */ = {
			isa = PBXGroup;
			children = (
				02B66B3C21F79BAC000BCF2B /* libsqlite3.0.tbd */,
				02B66B6421F7AF1F000BCF2B /* libRCTWebSocket.a */,
				02B66B6621F7AF23000BCF2B /* libfishhook.a */,
			);
			name = Frameworks;
			sourceTree = "<group>";
		};
		02B66B0221F78C3C000BCF2B /* Products */ = {
			isa = PBXGroup;
			children = (
				02B66B1521F78C3C000BCF2B /* libReact.a */,
				02B66B1721F78C3C000BCF2B /* libReact.a */,
				02B66B1921F78C3C000BCF2B /* libyoga.a */,
				02B66B1B21F78C3C000BCF2B /* libyoga.a */,
				02B66B1D21F78C3C000BCF2B /* libcxxreact.a */,
				02B66B1F21F78C3C000BCF2B /* libcxxreact.a */,
				02B66B2121F78C3C000BCF2B /* libjschelpers.a */,
				02B66B2321F78C3C000BCF2B /* libjschelpers.a */,
				02B66B2521F78C3C000BCF2B /* libjsinspector.a */,
				02B66B2721F78C3C000BCF2B /* libjsinspector-tvOS.a */,
				02B66B2921F78C3C000BCF2B /* libthird-party.a */,
				02B66B2B21F78C3C000BCF2B /* libthird-party.a */,
				02B66B2D21F78C3C000BCF2B /* libdouble-conversion.a */,
				02B66B2F21F78C3C000BCF2B /* libdouble-conversion.a */,
				02B66B3121F78C3C000BCF2B /* libprivatedata.a */,
				02B66B3321F78C3C000BCF2B /* libprivatedata-tvOS.a */,
			);
			name = Products;
			sourceTree = "<group>";
		};
		02B66B6921F7BA83000BCF2B /* Products */ = {
			isa = PBXGroup;
			children = (
				02B66B6D21F7BA83000BCF2B /* libSQLite.a */,
			);
			name = Products;
			sourceTree = "<group>";
		};
		02B66B7821F8C0A5000BCF2B /* Products */ = {
			isa = PBXGroup;
			children = (
				02B66B7C21F8C0A5000BCF2B /* libRNMail.a */,
			);
			name = Products;
			sourceTree = "<group>";
		};
		02B66C0F21FA63CC000BCF2B /* Products */ = {
			isa = PBXGroup;
			children = (
				02B66C1621FA63CC000BCF2B /* libRCTWebSocket.a */,
				02B66C1821FA63CC000BCF2B /* libRCTWebSocket-tvOS.a */,
				02B66C1A21FA63CC000BCF2B /* libfishhook.a */,
				02B66C1C21FA63CC000BCF2B /* libfishhook-tvOS.a */,
			);
			name = Products;
			sourceTree = "<group>";
		};
		02B66C4E21FB7475000BCF2B /* Products */ = {
			isa = PBXGroup;
			children = (
				02B66C5321FB7475000BCF2B /* libRCTImage.a */,
				02B66C5521FB7475000BCF2B /* libRCTImage-tvOS.a */,
			);
			name = Products;
			sourceTree = "<group>";
		};
		02E27E9F21FB86A400AC71F4 /* Products */ = {
			isa = PBXGroup;
			children = (
				02E27EA521FB86A400AC71F4 /* libRCTRestart.a */,
			);
			name = Products;
			sourceTree = "<group>";
		};
		02E27EFA21FB879100AC71F4 /* Products */ = {
			isa = PBXGroup;
			children = (
				02E27EFE21FB879100AC71F4 /* libRNSound.a */,
			);
			name = Products;
			sourceTree = "<group>";
		};
		02E2801A21FB8C6100AC71F4 /* Products */ = {
			isa = PBXGroup;
			children = (
				02E2802021FB8C6100AC71F4 /* libRCTVibration.a */,
			);
			name = Products;
			sourceTree = "<group>";
		};
		02E2803821FB8D1500AC71F4 /* Products */ = {
			isa = PBXGroup;
			children = (
				02E2803D21FB8D1500AC71F4 /* libRCTText.a */,
				02E2803F21FB8D1500AC71F4 /* libRCTText-tvOS.a */,
			);
			name = Products;
			sourceTree = "<group>";
		};
		02E2805021FB953800AC71F4 /* Products */ = {
			isa = PBXGroup;
			children = (
				02E2805521FB953800AC71F4 /* libRNRandomBytes.a */,
				02E2805721FB953800AC71F4 /* libRNRandomBytes-tvOS.a */,
			);
			name = Products;
			sourceTree = "<group>";
		};
		02E2805C21FB984100AC71F4 /* Products */ = {
			isa = PBXGroup;
			children = (
				02E2806021FB984100AC71F4 /* libRNShare.a */,
			);
			name = Products;
			sourceTree = "<group>";
		};
		02E2806521FB9A5000AC71F4 /* Products */ = {
			isa = PBXGroup;
			children = (
				02E2806921FB9A5000AC71F4 /* libRCTActionSheet.a */,
			);
			name = Products;
			sourceTree = "<group>";
		};
		02E2806E21FB9BA400AC71F4 /* Products */ = {
			isa = PBXGroup;
			children = (
				02E2807321FB9BA400AC71F4 /* libRCTNetwork.a */,
				02E2807521FB9BA400AC71F4 /* libRCTNetwork-tvOS.a */,
			);
			name = Products;
			sourceTree = "<group>";
		};
		02E2807A21FB9D1A00AC71F4 /* Products */ = {
			isa = PBXGroup;
			children = (
				02E2807E21FB9D1A00AC71F4 /* libRNFileOpener.a */,
			);
			name = Products;
			sourceTree = "<group>";
		};
		02E2808321FB9DE500AC71F4 /* Products */ = {
			isa = PBXGroup;
			children = (
				02E2808821FB9DE500AC71F4 /* libRCTLinking.a */,
				02E2808A21FB9DE500AC71F4 /* libRCTLinking-tvOS.a */,
			);
			name = Products;
			sourceTree = "<group>";
		};
		02E2808F21FBA01900AC71F4 /* Products */ = {
			isa = PBXGroup;
			children = (
				02E2809321FBA01900AC71F4 /* libRNVectorIcons.a */,
			);
			name = Products;
			sourceTree = "<group>";
		};
		02E2809821FBA1AD00AC71F4 /* Products */ = {
			isa = PBXGroup;
			children = (
				02E280A021FBA1AD00AC71F4 /* Lottie.framework */,
				02E280A221FBA1AD00AC71F4 /* Lottie.framework */,
				02E280A421FBA1AD00AC71F4 /* Lottie.framework */,
				02E280A621FBA1AD00AC71F4 /* libLottie.a */,
				02E280A821FBA1AD00AC71F4 /* libLottie.a */,
			);
			name = Products;
			sourceTree = "<group>";
		};
		02E280AA21FBA1CD00AC71F4 /* Products */ = {
			isa = PBXGroup;
			children = (
				02E280AE21FBA1CD00AC71F4 /* libLottieReactNative.a */,
			);
			name = Products;
			sourceTree = "<group>";
		};
/* End PBXGroup section */

/* Begin PBXHeadersBuildPhase section */
		02B66A4421F77AFC000BCF2B /* Headers */ = {
			isa = PBXHeadersBuildPhase;
			buildActionMask = 2147483647;
			files = (
				02B66A4E21F77AFC000BCF2B /* peerio_chat_framework.h in Headers */,
			);
			runOnlyForDeploymentPostprocessing = 0;
		};
/* End PBXHeadersBuildPhase section */

/* Begin PBXNativeTarget section */
		02B66A4821F77AFC000BCF2B /* peerio-chat-framework */ = {
			isa = PBXNativeTarget;
			buildConfigurationList = 02B66A5121F77AFC000BCF2B /* Build configuration list for PBXNativeTarget "peerio-chat-framework" */;
			buildPhases = (
				02B66A4421F77AFC000BCF2B /* Headers */,
				02B66A4521F77AFC000BCF2B /* Sources */,
				02B66A4621F77AFC000BCF2B /* Frameworks */,
				02B66A4721F77AFC000BCF2B /* Resources */,
			);
			buildRules = (
			);
			dependencies = (
				02E280B421FBA2A700AC71F4 /* PBXTargetDependency */,
				02E280B021FBA1DF00AC71F4 /* PBXTargetDependency */,
				02E2809621FBA0DA00AC71F4 /* PBXTargetDependency */,
				02E2808D21FB9DF200AC71F4 /* PBXTargetDependency */,
				02E2808121FB9D2E00AC71F4 /* PBXTargetDependency */,
				02E2807721FB9BAA00AC71F4 /* PBXTargetDependency */,
				02E2806C21FB9A5B00AC71F4 /* PBXTargetDependency */,
				02E2806221FB984C00AC71F4 /* PBXTargetDependency */,
				02E2805A21FB954B00AC71F4 /* PBXTargetDependency */,
				02E2804E21FB8EA400AC71F4 /* PBXTargetDependency */,
				02E2804C21FB8E9100AC71F4 /* PBXTargetDependency */,
				02E2804A21FB8E7B00AC71F4 /* PBXTargetDependency */,
				02E2804821FB8E6600AC71F4 /* PBXTargetDependency */,
				02E2804621FB8E4300AC71F4 /* PBXTargetDependency */,
				02E2804421FB8E2A00AC71F4 /* PBXTargetDependency */,
				02E27F0021FB879700AC71F4 /* PBXTargetDependency */,
				02E27EBC21FB86B400AC71F4 /* PBXTargetDependency */,
				02B66C4C21FB72BC000BCF2B /* PBXTargetDependency */,
			);
			name = "peerio-chat-framework";
			productName = "peerio-chat-framework";
			productReference = 02B66A4921F77AFC000BCF2B /* peerio_chat_framework.framework */;
			productType = "com.apple.product-type.framework";
		};
/* End PBXNativeTarget section */

/* Begin PBXProject section */
		02B66A4021F77AFC000BCF2B /* Project object */ = {
			isa = PBXProject;
			attributes = {
				LastUpgradeCheck = 1010;
				ORGANIZATIONNAME = "Technologies Peerio Inc.";
				TargetAttributes = {
					02B66A4821F77AFC000BCF2B = {
						CreatedOnToolsVersion = 10.1;
					};
				};
			};
			buildConfigurationList = 02B66A4321F77AFC000BCF2B /* Build configuration list for PBXProject "peerio-chat-framework" */;
			compatibilityVersion = "Xcode 9.3";
			developmentRegion = en;
			hasScannedForEncodings = 0;
			knownRegions = (
				en,
			);
			mainGroup = 02B66A3F21F77AFC000BCF2B;
			productRefGroup = 02B66A4A21F77AFC000BCF2B /* Products */;
			projectDirPath = "";
			projectReferences = (
				{
					ProductGroup = 02E2809821FBA1AD00AC71F4 /* Products */;
					ProjectRef = 02E2809721FBA1AD00AC71F4 /* Lottie.xcodeproj */;
				},
				{
					ProductGroup = 02E280AA21FBA1CD00AC71F4 /* Products */;
					ProjectRef = 02E280A921FBA1CD00AC71F4 /* LottieReactNative.xcodeproj */;
				},
				{
					ProductGroup = 02E2806521FB9A5000AC71F4 /* Products */;
					ProjectRef = 02E2806421FB9A5000AC71F4 /* RCTActionSheet.xcodeproj */;
				},
				{
					ProductGroup = 02B66C4E21FB7475000BCF2B /* Products */;
					ProjectRef = 02B66C4D21FB7475000BCF2B /* RCTImage.xcodeproj */;
				},
				{
					ProductGroup = 02E2808321FB9DE500AC71F4 /* Products */;
					ProjectRef = 02E2808221FB9DE500AC71F4 /* RCTLinking.xcodeproj */;
				},
				{
					ProductGroup = 02E2806E21FB9BA400AC71F4 /* Products */;
					ProjectRef = 02E2806D21FB9BA400AC71F4 /* RCTNetwork.xcodeproj */;
				},
				{
					ProductGroup = 02E27E9F21FB86A400AC71F4 /* Products */;
					ProjectRef = 02E27E9E21FB86A400AC71F4 /* RCTRestart.xcodeproj */;
				},
				{
					ProductGroup = 02E2803821FB8D1500AC71F4 /* Products */;
					ProjectRef = 02E2803721FB8D1500AC71F4 /* RCTText.xcodeproj */;
				},
				{
					ProductGroup = 02E2801A21FB8C6100AC71F4 /* Products */;
					ProjectRef = 02E2801921FB8C6100AC71F4 /* RCTVibration.xcodeproj */;
				},
				{
					ProductGroup = 02B66C0F21FA63CC000BCF2B /* Products */;
					ProjectRef = 02B66C0E21FA63CC000BCF2B /* RCTWebSocket.xcodeproj */;
				},
				{
					ProductGroup = 02B66B0221F78C3C000BCF2B /* Products */;
					ProjectRef = 02B66B0121F78C3C000BCF2B /* React.xcodeproj */;
				},
				{
					ProductGroup = 02E2807A21FB9D1A00AC71F4 /* Products */;
					ProjectRef = 02E2807921FB9D1A00AC71F4 /* RNFileOpener.xcodeproj */;
				},
				{
					ProductGroup = 02B66B7821F8C0A5000BCF2B /* Products */;
					ProjectRef = 02B66B7721F8C0A5000BCF2B /* RNMail.xcodeproj */;
				},
				{
					ProductGroup = 02E2805021FB953800AC71F4 /* Products */;
					ProjectRef = 02E2804F21FB953800AC71F4 /* RNRandomBytes.xcodeproj */;
				},
				{
					ProductGroup = 02E2805C21FB984100AC71F4 /* Products */;
					ProjectRef = 02E2805B21FB984100AC71F4 /* RNShare.xcodeproj */;
				},
				{
					ProductGroup = 02E27EFA21FB879100AC71F4 /* Products */;
					ProjectRef = 02E27EF921FB879100AC71F4 /* RNSound.xcodeproj */;
				},
				{
					ProductGroup = 02E2808F21FBA01900AC71F4 /* Products */;
					ProjectRef = 02E2808E21FBA01900AC71F4 /* RNVectorIcons.xcodeproj */;
				},
				{
					ProductGroup = 02B66B6921F7BA83000BCF2B /* Products */;
					ProjectRef = 02B66B6821F7BA83000BCF2B /* SQLite.xcodeproj */;
				},
			);
			projectRoot = "";
			targets = (
				02B66A4821F77AFC000BCF2B /* peerio-chat-framework */,
			);
		};
/* End PBXProject section */

/* Begin PBXReferenceProxy section */
		02B66B1521F78C3C000BCF2B /* libReact.a */ = {
			isa = PBXReferenceProxy;
			fileType = archive.ar;
			path = libReact.a;
			remoteRef = 02B66B1421F78C3C000BCF2B /* PBXContainerItemProxy */;
			sourceTree = BUILT_PRODUCTS_DIR;
		};
		02B66B1721F78C3C000BCF2B /* libReact.a */ = {
			isa = PBXReferenceProxy;
			fileType = archive.ar;
			path = libReact.a;
			remoteRef = 02B66B1621F78C3C000BCF2B /* PBXContainerItemProxy */;
			sourceTree = BUILT_PRODUCTS_DIR;
		};
		02B66B1921F78C3C000BCF2B /* libyoga.a */ = {
			isa = PBXReferenceProxy;
			fileType = archive.ar;
			path = libyoga.a;
			remoteRef = 02B66B1821F78C3C000BCF2B /* PBXContainerItemProxy */;
			sourceTree = BUILT_PRODUCTS_DIR;
		};
		02B66B1B21F78C3C000BCF2B /* libyoga.a */ = {
			isa = PBXReferenceProxy;
			fileType = archive.ar;
			path = libyoga.a;
			remoteRef = 02B66B1A21F78C3C000BCF2B /* PBXContainerItemProxy */;
			sourceTree = BUILT_PRODUCTS_DIR;
		};
		02B66B1D21F78C3C000BCF2B /* libcxxreact.a */ = {
			isa = PBXReferenceProxy;
			fileType = archive.ar;
			path = libcxxreact.a;
			remoteRef = 02B66B1C21F78C3C000BCF2B /* PBXContainerItemProxy */;
			sourceTree = BUILT_PRODUCTS_DIR;
		};
		02B66B1F21F78C3C000BCF2B /* libcxxreact.a */ = {
			isa = PBXReferenceProxy;
			fileType = archive.ar;
			path = libcxxreact.a;
			remoteRef = 02B66B1E21F78C3C000BCF2B /* PBXContainerItemProxy */;
			sourceTree = BUILT_PRODUCTS_DIR;
		};
		02B66B2121F78C3C000BCF2B /* libjschelpers.a */ = {
			isa = PBXReferenceProxy;
			fileType = archive.ar;
			path = libjschelpers.a;
			remoteRef = 02B66B2021F78C3C000BCF2B /* PBXContainerItemProxy */;
			sourceTree = BUILT_PRODUCTS_DIR;
		};
		02B66B2321F78C3C000BCF2B /* libjschelpers.a */ = {
			isa = PBXReferenceProxy;
			fileType = archive.ar;
			path = libjschelpers.a;
			remoteRef = 02B66B2221F78C3C000BCF2B /* PBXContainerItemProxy */;
			sourceTree = BUILT_PRODUCTS_DIR;
		};
		02B66B2521F78C3C000BCF2B /* libjsinspector.a */ = {
			isa = PBXReferenceProxy;
			fileType = archive.ar;
			path = libjsinspector.a;
			remoteRef = 02B66B2421F78C3C000BCF2B /* PBXContainerItemProxy */;
			sourceTree = BUILT_PRODUCTS_DIR;
		};
		02B66B2721F78C3C000BCF2B /* libjsinspector-tvOS.a */ = {
			isa = PBXReferenceProxy;
			fileType = archive.ar;
			path = "libjsinspector-tvOS.a";
			remoteRef = 02B66B2621F78C3C000BCF2B /* PBXContainerItemProxy */;
			sourceTree = BUILT_PRODUCTS_DIR;
		};
		02B66B2921F78C3C000BCF2B /* libthird-party.a */ = {
			isa = PBXReferenceProxy;
			fileType = archive.ar;
			path = "libthird-party.a";
			remoteRef = 02B66B2821F78C3C000BCF2B /* PBXContainerItemProxy */;
			sourceTree = BUILT_PRODUCTS_DIR;
		};
		02B66B2B21F78C3C000BCF2B /* libthird-party.a */ = {
			isa = PBXReferenceProxy;
			fileType = archive.ar;
			path = "libthird-party.a";
			remoteRef = 02B66B2A21F78C3C000BCF2B /* PBXContainerItemProxy */;
			sourceTree = BUILT_PRODUCTS_DIR;
		};
		02B66B2D21F78C3C000BCF2B /* libdouble-conversion.a */ = {
			isa = PBXReferenceProxy;
			fileType = archive.ar;
			path = "libdouble-conversion.a";
			remoteRef = 02B66B2C21F78C3C000BCF2B /* PBXContainerItemProxy */;
			sourceTree = BUILT_PRODUCTS_DIR;
		};
		02B66B2F21F78C3C000BCF2B /* libdouble-conversion.a */ = {
			isa = PBXReferenceProxy;
			fileType = archive.ar;
			path = "libdouble-conversion.a";
			remoteRef = 02B66B2E21F78C3C000BCF2B /* PBXContainerItemProxy */;
			sourceTree = BUILT_PRODUCTS_DIR;
		};
		02B66B3121F78C3C000BCF2B /* libprivatedata.a */ = {
			isa = PBXReferenceProxy;
			fileType = archive.ar;
			path = libprivatedata.a;
			remoteRef = 02B66B3021F78C3C000BCF2B /* PBXContainerItemProxy */;
			sourceTree = BUILT_PRODUCTS_DIR;
		};
		02B66B3321F78C3C000BCF2B /* libprivatedata-tvOS.a */ = {
			isa = PBXReferenceProxy;
			fileType = archive.ar;
			path = "libprivatedata-tvOS.a";
			remoteRef = 02B66B3221F78C3C000BCF2B /* PBXContainerItemProxy */;
			sourceTree = BUILT_PRODUCTS_DIR;
		};
		02B66B6D21F7BA83000BCF2B /* libSQLite.a */ = {
			isa = PBXReferenceProxy;
			fileType = archive.ar;
			path = libSQLite.a;
			remoteRef = 02B66B6C21F7BA83000BCF2B /* PBXContainerItemProxy */;
			sourceTree = BUILT_PRODUCTS_DIR;
		};
		02B66B7C21F8C0A5000BCF2B /* libRNMail.a */ = {
			isa = PBXReferenceProxy;
			fileType = archive.ar;
			path = libRNMail.a;
			remoteRef = 02B66B7B21F8C0A5000BCF2B /* PBXContainerItemProxy */;
			sourceTree = BUILT_PRODUCTS_DIR;
		};
		02B66C1621FA63CC000BCF2B /* libRCTWebSocket.a */ = {
			isa = PBXReferenceProxy;
			fileType = archive.ar;
			path = libRCTWebSocket.a;
			remoteRef = 02B66C1521FA63CC000BCF2B /* PBXContainerItemProxy */;
			sourceTree = BUILT_PRODUCTS_DIR;
		};
		02B66C1821FA63CC000BCF2B /* libRCTWebSocket-tvOS.a */ = {
			isa = PBXReferenceProxy;
			fileType = archive.ar;
			path = "libRCTWebSocket-tvOS.a";
			remoteRef = 02B66C1721FA63CC000BCF2B /* PBXContainerItemProxy */;
			sourceTree = BUILT_PRODUCTS_DIR;
		};
		02B66C1A21FA63CC000BCF2B /* libfishhook.a */ = {
			isa = PBXReferenceProxy;
			fileType = archive.ar;
			path = libfishhook.a;
			remoteRef = 02B66C1921FA63CC000BCF2B /* PBXContainerItemProxy */;
			sourceTree = BUILT_PRODUCTS_DIR;
		};
		02B66C1C21FA63CC000BCF2B /* libfishhook-tvOS.a */ = {
			isa = PBXReferenceProxy;
			fileType = archive.ar;
			path = "libfishhook-tvOS.a";
			remoteRef = 02B66C1B21FA63CC000BCF2B /* PBXContainerItemProxy */;
			sourceTree = BUILT_PRODUCTS_DIR;
		};
		02B66C5321FB7475000BCF2B /* libRCTImage.a */ = {
			isa = PBXReferenceProxy;
			fileType = archive.ar;
			path = libRCTImage.a;
			remoteRef = 02B66C5221FB7475000BCF2B /* PBXContainerItemProxy */;
			sourceTree = BUILT_PRODUCTS_DIR;
		};
		02B66C5521FB7475000BCF2B /* libRCTImage-tvOS.a */ = {
			isa = PBXReferenceProxy;
			fileType = archive.ar;
			path = "libRCTImage-tvOS.a";
			remoteRef = 02B66C5421FB7475000BCF2B /* PBXContainerItemProxy */;
			sourceTree = BUILT_PRODUCTS_DIR;
		};
		02E27EA521FB86A400AC71F4 /* libRCTRestart.a */ = {
			isa = PBXReferenceProxy;
			fileType = archive.ar;
			path = libRCTRestart.a;
			remoteRef = 02E27EA421FB86A400AC71F4 /* PBXContainerItemProxy */;
			sourceTree = BUILT_PRODUCTS_DIR;
		};
		02E27EFE21FB879100AC71F4 /* libRNSound.a */ = {
			isa = PBXReferenceProxy;
			fileType = archive.ar;
			path = libRNSound.a;
			remoteRef = 02E27EFD21FB879100AC71F4 /* PBXContainerItemProxy */;
			sourceTree = BUILT_PRODUCTS_DIR;
		};
		02E2802021FB8C6100AC71F4 /* libRCTVibration.a */ = {
			isa = PBXReferenceProxy;
			fileType = archive.ar;
			path = libRCTVibration.a;
			remoteRef = 02E2801F21FB8C6100AC71F4 /* PBXContainerItemProxy */;
			sourceTree = BUILT_PRODUCTS_DIR;
		};
		02E2803D21FB8D1500AC71F4 /* libRCTText.a */ = {
			isa = PBXReferenceProxy;
			fileType = archive.ar;
			path = libRCTText.a;
			remoteRef = 02E2803C21FB8D1500AC71F4 /* PBXContainerItemProxy */;
			sourceTree = BUILT_PRODUCTS_DIR;
		};
		02E2803F21FB8D1500AC71F4 /* libRCTText-tvOS.a */ = {
			isa = PBXReferenceProxy;
			fileType = archive.ar;
			path = "libRCTText-tvOS.a";
			remoteRef = 02E2803E21FB8D1500AC71F4 /* PBXContainerItemProxy */;
			sourceTree = BUILT_PRODUCTS_DIR;
		};
		02E2805521FB953800AC71F4 /* libRNRandomBytes.a */ = {
			isa = PBXReferenceProxy;
			fileType = archive.ar;
			path = libRNRandomBytes.a;
			remoteRef = 02E2805421FB953800AC71F4 /* PBXContainerItemProxy */;
			sourceTree = BUILT_PRODUCTS_DIR;
		};
		02E2805721FB953800AC71F4 /* libRNRandomBytes-tvOS.a */ = {
			isa = PBXReferenceProxy;
			fileType = archive.ar;
			path = "libRNRandomBytes-tvOS.a";
			remoteRef = 02E2805621FB953800AC71F4 /* PBXContainerItemProxy */;
			sourceTree = BUILT_PRODUCTS_DIR;
		};
		02E2806021FB984100AC71F4 /* libRNShare.a */ = {
			isa = PBXReferenceProxy;
			fileType = archive.ar;
			path = libRNShare.a;
			remoteRef = 02E2805F21FB984100AC71F4 /* PBXContainerItemProxy */;
			sourceTree = BUILT_PRODUCTS_DIR;
		};
		02E2806921FB9A5000AC71F4 /* libRCTActionSheet.a */ = {
			isa = PBXReferenceProxy;
			fileType = archive.ar;
			path = libRCTActionSheet.a;
			remoteRef = 02E2806821FB9A5000AC71F4 /* PBXContainerItemProxy */;
			sourceTree = BUILT_PRODUCTS_DIR;
		};
		02E2807321FB9BA400AC71F4 /* libRCTNetwork.a */ = {
			isa = PBXReferenceProxy;
			fileType = archive.ar;
			path = libRCTNetwork.a;
			remoteRef = 02E2807221FB9BA400AC71F4 /* PBXContainerItemProxy */;
			sourceTree = BUILT_PRODUCTS_DIR;
		};
		02E2807521FB9BA400AC71F4 /* libRCTNetwork-tvOS.a */ = {
			isa = PBXReferenceProxy;
			fileType = archive.ar;
			path = "libRCTNetwork-tvOS.a";
			remoteRef = 02E2807421FB9BA400AC71F4 /* PBXContainerItemProxy */;
			sourceTree = BUILT_PRODUCTS_DIR;
		};
		02E2807E21FB9D1A00AC71F4 /* libRNFileOpener.a */ = {
			isa = PBXReferenceProxy;
			fileType = archive.ar;
			path = libRNFileOpener.a;
			remoteRef = 02E2807D21FB9D1A00AC71F4 /* PBXContainerItemProxy */;
			sourceTree = BUILT_PRODUCTS_DIR;
		};
		02E2808821FB9DE500AC71F4 /* libRCTLinking.a */ = {
			isa = PBXReferenceProxy;
			fileType = archive.ar;
			path = libRCTLinking.a;
			remoteRef = 02E2808721FB9DE500AC71F4 /* PBXContainerItemProxy */;
			sourceTree = BUILT_PRODUCTS_DIR;
		};
		02E2808A21FB9DE500AC71F4 /* libRCTLinking-tvOS.a */ = {
			isa = PBXReferenceProxy;
			fileType = archive.ar;
			path = "libRCTLinking-tvOS.a";
			remoteRef = 02E2808921FB9DE500AC71F4 /* PBXContainerItemProxy */;
			sourceTree = BUILT_PRODUCTS_DIR;
		};
		02E2809321FBA01900AC71F4 /* libRNVectorIcons.a */ = {
			isa = PBXReferenceProxy;
			fileType = archive.ar;
			path = libRNVectorIcons.a;
			remoteRef = 02E2809221FBA01900AC71F4 /* PBXContainerItemProxy */;
			sourceTree = BUILT_PRODUCTS_DIR;
		};
		02E280A021FBA1AD00AC71F4 /* Lottie.framework */ = {
			isa = PBXReferenceProxy;
			fileType = wrapper.framework;
			path = Lottie.framework;
			remoteRef = 02E2809F21FBA1AD00AC71F4 /* PBXContainerItemProxy */;
			sourceTree = BUILT_PRODUCTS_DIR;
		};
		02E280A221FBA1AD00AC71F4 /* Lottie.framework */ = {
			isa = PBXReferenceProxy;
			fileType = wrapper.framework;
			path = Lottie.framework;
			remoteRef = 02E280A121FBA1AD00AC71F4 /* PBXContainerItemProxy */;
			sourceTree = BUILT_PRODUCTS_DIR;
		};
		02E280A421FBA1AD00AC71F4 /* Lottie.framework */ = {
			isa = PBXReferenceProxy;
			fileType = wrapper.framework;
			path = Lottie.framework;
			remoteRef = 02E280A321FBA1AD00AC71F4 /* PBXContainerItemProxy */;
			sourceTree = BUILT_PRODUCTS_DIR;
		};
		02E280A621FBA1AD00AC71F4 /* libLottie.a */ = {
			isa = PBXReferenceProxy;
			fileType = archive.ar;
			path = libLottie.a;
			remoteRef = 02E280A521FBA1AD00AC71F4 /* PBXContainerItemProxy */;
			sourceTree = BUILT_PRODUCTS_DIR;
		};
		02E280A821FBA1AD00AC71F4 /* libLottie.a */ = {
			isa = PBXReferenceProxy;
			fileType = archive.ar;
			path = libLottie.a;
			remoteRef = 02E280A721FBA1AD00AC71F4 /* PBXContainerItemProxy */;
			sourceTree = BUILT_PRODUCTS_DIR;
		};
		02E280AE21FBA1CD00AC71F4 /* libLottieReactNative.a */ = {
			isa = PBXReferenceProxy;
			fileType = archive.ar;
			path = libLottieReactNative.a;
			remoteRef = 02E280AD21FBA1CD00AC71F4 /* PBXContainerItemProxy */;
			sourceTree = BUILT_PRODUCTS_DIR;
		};
/* End PBXReferenceProxy section */

/* Begin PBXResourcesBuildPhase section */
		02B66A4721F77AFC000BCF2B /* Resources */ = {
			isa = PBXResourcesBuildPhase;
			buildActionMask = 2147483647;
			files = (
			);
			runOnlyForDeploymentPostprocessing = 0;
		};
/* End PBXResourcesBuildPhase section */

/* Begin PBXSourcesBuildPhase section */
		02B66A4521F77AFC000BCF2B /* Sources */ = {
			isa = PBXSourcesBuildPhase;
			buildActionMask = 2147483647;
			files = (
			);
			runOnlyForDeploymentPostprocessing = 0;
		};
/* End PBXSourcesBuildPhase section */

/* Begin PBXTargetDependency section */
		02B66C4C21FB72BC000BCF2B /* PBXTargetDependency */ = {
			isa = PBXTargetDependency;
			name = RNMail;
			targetProxy = 02B66C4B21FB72BC000BCF2B /* PBXContainerItemProxy */;
		};
		02E27EBC21FB86B400AC71F4 /* PBXTargetDependency */ = {
			isa = PBXTargetDependency;
			name = RCTRestart;
			targetProxy = 02E27EBB21FB86B400AC71F4 /* PBXContainerItemProxy */;
		};
		02E27F0021FB879700AC71F4 /* PBXTargetDependency */ = {
			isa = PBXTargetDependency;
			name = RNSound;
			targetProxy = 02E27EFF21FB879700AC71F4 /* PBXContainerItemProxy */;
		};
		02E2804421FB8E2A00AC71F4 /* PBXTargetDependency */ = {
			isa = PBXTargetDependency;
			name = fishhook;
			targetProxy = 02E2804321FB8E2A00AC71F4 /* PBXContainerItemProxy */;
		};
		02E2804621FB8E4300AC71F4 /* PBXTargetDependency */ = {
			isa = PBXTargetDependency;
			name = RCTText;
			targetProxy = 02E2804521FB8E4300AC71F4 /* PBXContainerItemProxy */;
		};
		02E2804821FB8E6600AC71F4 /* PBXTargetDependency */ = {
			isa = PBXTargetDependency;
			name = RCTVibration;
			targetProxy = 02E2804721FB8E6600AC71F4 /* PBXContainerItemProxy */;
		};
		02E2804A21FB8E7B00AC71F4 /* PBXTargetDependency */ = {
			isa = PBXTargetDependency;
			name = SQLite;
			targetProxy = 02E2804921FB8E7B00AC71F4 /* PBXContainerItemProxy */;
		};
		02E2804C21FB8E9100AC71F4 /* PBXTargetDependency */ = {
			isa = PBXTargetDependency;
			name = RCTWebSocket;
			targetProxy = 02E2804B21FB8E9100AC71F4 /* PBXContainerItemProxy */;
		};
		02E2804E21FB8EA400AC71F4 /* PBXTargetDependency */ = {
			isa = PBXTargetDependency;
			name = RCTImage;
			targetProxy = 02E2804D21FB8EA400AC71F4 /* PBXContainerItemProxy */;
		};
		02E2805A21FB954B00AC71F4 /* PBXTargetDependency */ = {
			isa = PBXTargetDependency;
			name = RNRandomBytes;
			targetProxy = 02E2805921FB954B00AC71F4 /* PBXContainerItemProxy */;
		};
		02E2806221FB984C00AC71F4 /* PBXTargetDependency */ = {
			isa = PBXTargetDependency;
			name = RNShare;
			targetProxy = 02E2806121FB984C00AC71F4 /* PBXContainerItemProxy */;
		};
		02E2806C21FB9A5B00AC71F4 /* PBXTargetDependency */ = {
			isa = PBXTargetDependency;
			name = RCTActionSheet;
			targetProxy = 02E2806B21FB9A5B00AC71F4 /* PBXContainerItemProxy */;
		};
		02E2807721FB9BAA00AC71F4 /* PBXTargetDependency */ = {
			isa = PBXTargetDependency;
			name = RCTNetwork;
			targetProxy = 02E2807621FB9BAA00AC71F4 /* PBXContainerItemProxy */;
		};
		02E2808121FB9D2E00AC71F4 /* PBXTargetDependency */ = {
			isa = PBXTargetDependency;
			name = RNFileOpener;
			targetProxy = 02E2808021FB9D2E00AC71F4 /* PBXContainerItemProxy */;
		};
		02E2808D21FB9DF200AC71F4 /* PBXTargetDependency */ = {
			isa = PBXTargetDependency;
			name = RCTLinking;
			targetProxy = 02E2808C21FB9DF200AC71F4 /* PBXContainerItemProxy */;
		};
		02E2809621FBA0DA00AC71F4 /* PBXTargetDependency */ = {
			isa = PBXTargetDependency;
			name = RNVectorIcons;
			targetProxy = 02E2809521FBA0DA00AC71F4 /* PBXContainerItemProxy */;
		};
		02E280B021FBA1DF00AC71F4 /* PBXTargetDependency */ = {
			isa = PBXTargetDependency;
			name = LottieReactNative;
			targetProxy = 02E280AF21FBA1DF00AC71F4 /* PBXContainerItemProxy */;
		};
		02E280B421FBA2A700AC71F4 /* PBXTargetDependency */ = {
			isa = PBXTargetDependency;
			name = LottieLibraryIOS;
			targetProxy = 02E280B321FBA2A700AC71F4 /* PBXContainerItemProxy */;
		};
/* End PBXTargetDependency section */

/* Begin XCBuildConfiguration section */
		02B66A4F21F77AFC000BCF2B /* Debug */ = {
			isa = XCBuildConfiguration;
			buildSettings = {
				ALWAYS_SEARCH_USER_PATHS = NO;
				CLANG_ANALYZER_NONNULL = YES;
				CLANG_ANALYZER_NUMBER_OBJECT_CONVERSION = YES_AGGRESSIVE;
				CLANG_CXX_LANGUAGE_STANDARD = "gnu++14";
				CLANG_CXX_LIBRARY = "libc++";
				CLANG_ENABLE_MODULES = YES;
				CLANG_ENABLE_OBJC_ARC = YES;
				CLANG_ENABLE_OBJC_WEAK = YES;
				CLANG_WARN_BLOCK_CAPTURE_AUTORELEASING = YES;
				CLANG_WARN_BOOL_CONVERSION = YES;
				CLANG_WARN_COMMA = YES;
				CLANG_WARN_CONSTANT_CONVERSION = YES;
				CLANG_WARN_DEPRECATED_OBJC_IMPLEMENTATIONS = YES;
				CLANG_WARN_DIRECT_OBJC_ISA_USAGE = YES_ERROR;
				CLANG_WARN_DOCUMENTATION_COMMENTS = YES;
				CLANG_WARN_EMPTY_BODY = YES;
				CLANG_WARN_ENUM_CONVERSION = YES;
				CLANG_WARN_INFINITE_RECURSION = YES;
				CLANG_WARN_INT_CONVERSION = YES;
				CLANG_WARN_NON_LITERAL_NULL_CONVERSION = YES;
				CLANG_WARN_OBJC_IMPLICIT_RETAIN_SELF = YES;
				CLANG_WARN_OBJC_LITERAL_CONVERSION = YES;
				CLANG_WARN_OBJC_ROOT_CLASS = YES_ERROR;
				CLANG_WARN_RANGE_LOOP_ANALYSIS = YES;
				CLANG_WARN_STRICT_PROTOTYPES = YES;
				CLANG_WARN_SUSPICIOUS_MOVE = YES;
				CLANG_WARN_UNGUARDED_AVAILABILITY = YES_AGGRESSIVE;
				CLANG_WARN_UNREACHABLE_CODE = YES;
				CLANG_WARN__DUPLICATE_METHOD_MATCH = YES;
				CODE_SIGN_IDENTITY = "iPhone Developer";
				COPY_PHASE_STRIP = NO;
				CURRENT_PROJECT_VERSION = 1;
				DEBUG_INFORMATION_FORMAT = dwarf;
				ENABLE_STRICT_OBJC_MSGSEND = YES;
				ENABLE_TESTABILITY = YES;
				GCC_C_LANGUAGE_STANDARD = gnu11;
				GCC_DYNAMIC_NO_PIC = NO;
				GCC_NO_COMMON_BLOCKS = YES;
				GCC_OPTIMIZATION_LEVEL = 0;
				GCC_PREPROCESSOR_DEFINITIONS = (
					"DEBUG=1",
					"$(inherited)",
				);
				GCC_WARN_64_TO_32_BIT_CONVERSION = YES;
				GCC_WARN_ABOUT_RETURN_TYPE = YES_ERROR;
				GCC_WARN_UNDECLARED_SELECTOR = YES;
				GCC_WARN_UNINITIALIZED_AUTOS = YES_AGGRESSIVE;
				GCC_WARN_UNUSED_FUNCTION = YES;
				GCC_WARN_UNUSED_VARIABLE = YES;
				IPHONEOS_DEPLOYMENT_TARGET = 12.1;
				MTL_ENABLE_DEBUG_INFO = INCLUDE_SOURCE;
				MTL_FAST_MATH = YES;
				ONLY_ACTIVE_ARCH = YES;
				SDKROOT = iphoneos;
				VERSIONING_SYSTEM = "apple-generic";
				VERSION_INFO_PREFIX = "";
			};
			name = Debug;
		};
		02B66A5021F77AFC000BCF2B /* Release */ = {
			isa = XCBuildConfiguration;
			buildSettings = {
				ALWAYS_SEARCH_USER_PATHS = NO;
				CLANG_ANALYZER_NONNULL = YES;
				CLANG_ANALYZER_NUMBER_OBJECT_CONVERSION = YES_AGGRESSIVE;
				CLANG_CXX_LANGUAGE_STANDARD = "gnu++14";
				CLANG_CXX_LIBRARY = "libc++";
				CLANG_ENABLE_MODULES = YES;
				CLANG_ENABLE_OBJC_ARC = YES;
				CLANG_ENABLE_OBJC_WEAK = YES;
				CLANG_WARN_BLOCK_CAPTURE_AUTORELEASING = YES;
				CLANG_WARN_BOOL_CONVERSION = YES;
				CLANG_WARN_COMMA = YES;
				CLANG_WARN_CONSTANT_CONVERSION = YES;
				CLANG_WARN_DEPRECATED_OBJC_IMPLEMENTATIONS = YES;
				CLANG_WARN_DIRECT_OBJC_ISA_USAGE = YES_ERROR;
				CLANG_WARN_DOCUMENTATION_COMMENTS = YES;
				CLANG_WARN_EMPTY_BODY = YES;
				CLANG_WARN_ENUM_CONVERSION = YES;
				CLANG_WARN_INFINITE_RECURSION = YES;
				CLANG_WARN_INT_CONVERSION = YES;
				CLANG_WARN_NON_LITERAL_NULL_CONVERSION = YES;
				CLANG_WARN_OBJC_IMPLICIT_RETAIN_SELF = YES;
				CLANG_WARN_OBJC_LITERAL_CONVERSION = YES;
				CLANG_WARN_OBJC_ROOT_CLASS = YES_ERROR;
				CLANG_WARN_RANGE_LOOP_ANALYSIS = YES;
				CLANG_WARN_STRICT_PROTOTYPES = YES;
				CLANG_WARN_SUSPICIOUS_MOVE = YES;
				CLANG_WARN_UNGUARDED_AVAILABILITY = YES_AGGRESSIVE;
				CLANG_WARN_UNREACHABLE_CODE = YES;
				CLANG_WARN__DUPLICATE_METHOD_MATCH = YES;
				CODE_SIGN_IDENTITY = "iPhone Developer";
				COPY_PHASE_STRIP = NO;
				CURRENT_PROJECT_VERSION = 1;
				DEBUG_INFORMATION_FORMAT = "dwarf-with-dsym";
				ENABLE_NS_ASSERTIONS = NO;
				ENABLE_STRICT_OBJC_MSGSEND = YES;
				GCC_C_LANGUAGE_STANDARD = gnu11;
				GCC_NO_COMMON_BLOCKS = YES;
				GCC_WARN_64_TO_32_BIT_CONVERSION = YES;
				GCC_WARN_ABOUT_RETURN_TYPE = YES_ERROR;
				GCC_WARN_UNDECLARED_SELECTOR = YES;
				GCC_WARN_UNINITIALIZED_AUTOS = YES_AGGRESSIVE;
				GCC_WARN_UNUSED_FUNCTION = YES;
				GCC_WARN_UNUSED_VARIABLE = YES;
				IPHONEOS_DEPLOYMENT_TARGET = 12.1;
				MTL_ENABLE_DEBUG_INFO = NO;
				MTL_FAST_MATH = YES;
				SDKROOT = iphoneos;
				VALIDATE_PRODUCT = YES;
				VERSIONING_SYSTEM = "apple-generic";
				VERSION_INFO_PREFIX = "";
			};
			name = Release;
		};
		02B66A5221F77AFC000BCF2B /* Debug */ = {
			isa = XCBuildConfiguration;
			buildSettings = {
				CLANG_CXX_LANGUAGE_STANDARD = "c++14";
				CODE_SIGN_IDENTITY = "";
				CODE_SIGN_STYLE = Automatic;
				DEFINES_MODULE = YES;
				DEVELOPMENT_TEAM = 7L45B96YPK;
				DYLIB_COMPATIBILITY_VERSION = 1;
				DYLIB_CURRENT_VERSION = 1;
				DYLIB_INSTALL_NAME_BASE = "@rpath";
				HEADER_SEARCH_PATHS = "$(SRCROOT)/../node_modules/react-native/React";
				INFOPLIST_FILE = "peerio-chat-framework/Info.plist";
				INSTALL_PATH = "$(LOCAL_LIBRARY_DIR)/Frameworks";
				IPHONEOS_DEPLOYMENT_TARGET = 8.0;
				LD_RUNPATH_SEARCH_PATHS = (
					"$(inherited)",
					"@executable_path/Frameworks",
					"@loader_path/Frameworks",
				);
				MACH_O_TYPE = staticlib;
				ONLY_ACTIVE_ARCH = NO;
				OTHER_LDFLAGS = (
					"$(inherited)",
					"-ObjC",
					"-lc++",
				);
				PRODUCT_BUNDLE_IDENTIFIER = "com.peerio.peerio-chat-framework";
				PRODUCT_NAME = "$(TARGET_NAME:c99extidentifier)";
				SKIP_INSTALL = YES;
				TARGETED_DEVICE_FAMILY = "1,2";
			};
			name = Debug;
		};
		02B66A5321F77AFC000BCF2B /* Release */ = {
			isa = XCBuildConfiguration;
			buildSettings = {
				CLANG_CXX_LANGUAGE_STANDARD = "c++14";
				CODE_SIGN_IDENTITY = "";
				CODE_SIGN_STYLE = Automatic;
				DEFINES_MODULE = YES;
				DEVELOPMENT_TEAM = 7L45B96YPK;
				DYLIB_COMPATIBILITY_VERSION = 1;
				DYLIB_CURRENT_VERSION = 1;
				DYLIB_INSTALL_NAME_BASE = "@rpath";
				HEADER_SEARCH_PATHS = "$(SRCROOT)/../node_modules/react-native/React";
				INFOPLIST_FILE = "peerio-chat-framework/Info.plist";
				INSTALL_PATH = "$(LOCAL_LIBRARY_DIR)/Frameworks";
				IPHONEOS_DEPLOYMENT_TARGET = 8.0;
				LD_RUNPATH_SEARCH_PATHS = (
					"$(inherited)",
					"@executable_path/Frameworks",
					"@loader_path/Frameworks",
				);
				MACH_O_TYPE = staticlib;
				OTHER_LDFLAGS = (
					"$(inherited)",
					"-ObjC",
					"-lc++",
				);
				PRODUCT_BUNDLE_IDENTIFIER = "com.peerio.peerio-chat-framework";
				PRODUCT_NAME = "$(TARGET_NAME:c99extidentifier)";
				SKIP_INSTALL = YES;
				TARGETED_DEVICE_FAMILY = "1,2";
			};
			name = Release;
		};
/* End XCBuildConfiguration section */

/* Begin XCConfigurationList section */
		02B66A4321F77AFC000BCF2B /* Build configuration list for PBXProject "peerio-chat-framework" */ = {
			isa = XCConfigurationList;
			buildConfigurations = (
				02B66A4F21F77AFC000BCF2B /* Debug */,
				02B66A5021F77AFC000BCF2B /* Release */,
			);
			defaultConfigurationIsVisible = 0;
			defaultConfigurationName = Release;
		};
		02B66A5121F77AFC000BCF2B /* Build configuration list for PBXNativeTarget "peerio-chat-framework" */ = {
			isa = XCConfigurationList;
			buildConfigurations = (
				02B66A5221F77AFC000BCF2B /* Debug */,
				02B66A5321F77AFC000BCF2B /* Release */,
			);
			defaultConfigurationIsVisible = 0;
			defaultConfigurationName = Release;
		};
/* End XCConfigurationList section */
	};
	rootObject = 02B66A4021F77AFC000BCF2B /* Project object */;
}
